lockfileVersion: '6.0'

settings:
  autoInstallPeers: true
  excludeLinksFromLockfile: false

importers:

  .:
    dependencies:
      '@elemaudio/web-renderer':
        specifier: ^4.0.3
        version: 4.0.3

packages:

  /@elemaudio/core@4.0.1:
    resolution: {integrity: sha512-O58CaR5ttxzPt1LwkJoXVipPLlZ8lZmOIHhJFiih3rWkfCZ3/H1X2XTG0HM2jAn3BokoP5jYSbnbEiQybyvRGw==}
    dependencies:
      eventemitter3: 5.0.1
      invariant: 2.2.4
      shallowequal: 1.1.0
    dev: false

  /@elemaudio/web-renderer@4.0.3:
    resolution: {integrity: sha512-mvMt6SsUzcOEx97SGsf0u1/kafMkxWKtEa1FOuzwdzkmcdLAQIwouzZ87PExf452gi4tJqhMF0RDFb62LJqfZg==}
    dependencies:
      '@elemaudio/core': 4.0.1
      invariant: 2.2.4
    dev: false

  /eventemitter3@5.0.1:
    resolution: {integrity: sha512-GWkBvjiSZK87ELrYOSESUYeVIc9mvLLf/nXalMOS5dYrgZq9o5OVkbZAVM06CVxYsCwH9BDZFPlQTlPA1j4ahA==}
    dev: false

  /invariant@2.2.4:
    resolution: {integrity: sha512-phJfQVBuaJM5raOpJjSfkiD6BpbCE4Ns//LaXl6wGYtUBY83nWS6Rf9tXm2e8VaK60JEjYldbPif/A2B1C2gNA==}
    dependencies:
      loose-envify: 1.4.0
    dev: false

  /js-tokens@4.0.0:
    resolution: {integrity: sha512-RdJUflcE3cUzKiMqQgsCu06FPu9UdIJO0beYbPhHN4k6apgJtifcoCtT9bcxOpYBtpD2kCM6Sbzg4CausW/PKQ==}
    dev: false

  /loose-envify@1.4.0:
    resolution: {integrity: sha512-lyuxPGr/Wfhrlem2CL/UcnUc1zcqKAImBDzukY7Y5F/yQiNdko6+fRLevlw1HgMySw7f611UIY408EtxRSoK3Q==}
    hasBin: true
    dependencies:
      js-tokens: 4.0.0
    dev: false

  /shallowequal@1.1.0:
    resolution: {integrity: sha512-y0m1JoUZSlPAjXVtPPW70aZWfIL/dSP7AFkRnniLCrK/8MDKog3TySTBmckD+RObVxH0v4Tox67+F14PdED2oQ==}
    dev: false
