{
  "name": "webgl",
  "lockfileVersion": 3,
  "requires": true,
  "packages": {
    "": {
      "dependencies": {
        "lodash": "^4.17.21",
        "three": "^0.173.0",
        "twgl.js": "^5.5.4"
      }
    },
    "node_modules/lodash": {
      "version": "4.17.21",
      "resolved": "https://registry.npmjs.org/lodash/-/lodash-4.17.21.tgz",
      "integrity": "sha512-v2kDEe57lecTulaDIuNTPy3Ry4gLGJ6Z1O3vE1krgXZNrsQ+LFTGHVxVjcXPs17LhbZVGedAJv8XZ1tvj5FvSg==",
      "license": "MIT"
    },
    "node_modules/three": {
      "version": "0.173.0",
      "resolved": "https://registry.npmjs.org/three/-/three-0.173.0.tgz",
      "integrity": "sha512-AUwVmViIEUgBwxJJ7stnF0NkPpZxx1aZ6WiAbQ/Qq61h6I9UR4grXtZDmO8mnlaNORhHnIBlXJ1uBxILEKuVyw==",
      "license": "MIT"
    },
    "node_modules/twgl.js": {
      "version": "5.5.4",
      "resolved": "https://registry.npmjs.org/twgl.js/-/twgl.js-5.5.4.tgz",
      "integrity": "sha512-6kFOmijOpmblTN9CCwOTCxK4lPg7rCyQjLuub6EMOlEp89Ex6yUcsMjsmH7andNPL2NE3XmHdqHeP5gVKKPhxw==",
      "license": "MIT"
    }
  }
}
